
Microsoft Visual Studio Solution File, Format Version 12.00
# Visual Studio 15
VisualStudioVersion = 15.0.28307.572
MinimumVisualStudioVersion = 10.0.40219.1
Project("{FAE04EC0-301F-11D3-BF4B-00C04F79EFBC}") = "DiceWars.Android", "DiceWars\DiceWars.Android\DiceWars.Android.csproj", "{F7812CFF-1624-481C-B251-D4C327F16760}"
EndProject
Project("{FAE04EC0-301F-11D3-BF4B-00C04F79EFBC}") = "DiceWars.iOS", "DiceWars\DiceWars.iOS\DiceWars.iOS.csproj", "{FB28F70B-AAF6-4C65-B0E2-557C95377CF6}"
EndProject
Project("{FAE04EC0-301F-11D3-BF4B-00C04F79EFBC}") = "DiceWars.UWP", "DiceWars\DiceWars.UWP\DiceWars.UWP.csproj", "{7376D331-31D4-42CB-9DA2-5EB76768B166}"
EndProject
Project("{FAE04EC0-301F-11D3-BF4B-00C04F79EFBC}") = "DiceWars", "DiceWars\DiceWars\DiceWars.csproj", "{01A0A115-D77A-4109-A18B-DD4A57BC99A7}"
EndProject
Global
	GlobalSection(SolutionConfigurationPlatforms) = preSolution
		Ad-Hoc|Any CPU = Ad-Hoc|Any CPU
		Ad-Hoc|ARM = Ad-Hoc|ARM
		Ad-Hoc|iPhone = Ad-Hoc|iPhone
		Ad-Hoc|iPhoneSimulator = Ad-Hoc|iPhoneSimulator
		Ad-Hoc|x64 = Ad-Hoc|x64
		Ad-Hoc|x86 = Ad-Hoc|x86
		AppStore|Any CPU = AppStore|Any CPU
		AppStore|ARM = AppStore|ARM
		AppStore|iPhone = AppStore|iPhone
		AppStore|iPhoneSimulator = AppStore|iPhoneSimulator
		AppStore|x64 = AppStore|x64
		AppStore|x86 = AppStore|x86
		Debug|Any CPU = Debug|Any CPU
		Debug|ARM = Debug|ARM
		Debug|iPhone = Debug|iPhone
		Debug|iPhoneSimulator = Debug|iPhoneSimulator
		Debug|x64 = Debug|x64
		Debug|x86 = Debug|x86
		Release|Any CPU = Release|Any CPU
		Release|ARM = Release|ARM
		Release|iPhone = Release|iPhone
		Release|iPhoneSimulator = Release|iPhoneSimulator
		Release|x64 = Release|x64
		Release|x86 = Release|x86
	EndGlobalSection
	GlobalSection(ProjectConfigurationPlatforms) = postSolution
		{F7812CFF-1624-481C-B251-D4C327F16760}.Ad-Hoc|Any CPU.ActiveCfg = Release|Any CPU
		{F7812CFF-1624-481C-B251-D4C327F16760}.Ad-Hoc|Any CPU.Build.0 = Release|Any CPU
		{F7812CFF-1624-481C-B251-D4C327F16760}.Ad-Hoc|Any CPU.Deploy.0 = Release|Any CPU
		{F7812CFF-1624-481C-B251-D4C327F16760}.Ad-Hoc|ARM.ActiveCfg = Release|Any CPU
		{F7812CFF-1624-481C-B251-D4C327F16760}.Ad-Hoc|ARM.Build.0 = Release|Any CPU
		{F7812CFF-1624-481C-B251-D4C327F16760}.Ad-Hoc|ARM.Deploy.0 = Release|Any CPU
		{F7812CFF-1624-481C-B251-D4C327F16760}.Ad-Hoc|iPhone.ActiveCfg = Release|Any CPU
		{F7812CFF-1624-481C-B251-D4C327F16760}.Ad-Hoc|iPhone.Build.0 = Release|Any CPU
		{F7812CFF-1624-481C-B251-D4C327F16760}.Ad-Hoc|iPhone.Deploy.0 = Release|Any CPU
		{F7812CFF-1624-481C-B251-D4C327F16760}.Ad-Hoc|iPhoneSimulator.ActiveCfg = Release|Any CPU
		{F7812CFF-1624-481C-B251-D4C327F16760}.Ad-Hoc|iPhoneSimulator.Build.0 = Release|Any CPU
		{F7812CFF-1624-481C-B251-D4C327F16760}.Ad-Hoc|iPhoneSimulator.Deploy.0 = Release|Any CPU
		{F7812CFF-1624-481C-B251-D4C327F16760}.Ad-Hoc|x64.ActiveCfg = Release|Any CPU
		{F7812CFF-1624-481C-B251-D4C327F16760}.Ad-Hoc|x64.Build.0 = Release|Any CPU
		{F7812CFF-1624-481C-B251-D4C327F16760}.Ad-Hoc|x64.Deploy.0 = Release|Any CPU
		{F7812CFF-1624-481C-B251-D4C327F16760}.Ad-Hoc|x86.ActiveCfg = Release|Any CPU
		{F7812CFF-1624-481C-B251-D4C327F16760}.Ad-Hoc|x86.Build.0 = Release|Any CPU
		{F7812CFF-1624-481C-B251-D4C327F16760}.Ad-Hoc|x86.Deploy.0 = Release|Any CPU
		{F7812CFF-1624-481C-B251-D4C327F16760}.AppStore|Any CPU.ActiveCfg = Release|Any CPU
		{F7812CFF-1624-481C-B251-D4C327F16760}.AppStore|Any CPU.Build.0 = Release|Any CPU
		{F7812CFF-1624-481C-B251-D4C327F16760}.AppStore|Any CPU.Deploy.0 = Release|Any CPU
		{F7812CFF-1624-481C-B251-D4C327F16760}.AppStore|ARM.ActiveCfg = Release|Any CPU
		{F7812CFF-1624-481C-B251-D4C327F16760}.AppStore|ARM.Build.0 = Release|Any CPU
		{F7812CFF-1624-481C-B251-D4C327F16760}.AppStore|ARM.Deploy.0 = Release|Any CPU
		{F7812CFF-1624-481C-B251-D4C327F16760}.AppStore|iPhone.ActiveCfg = Release|Any CPU
		{F7812CFF-1624-481C-B251-D4C327F16760}.AppStore|iPhone.Build.0 = Release|Any CPU
		{F7812CFF-1624-481C-B251-D4C327F16760}.AppStore|iPhone.Deploy.0 = Release|Any CPU
		{F7812CFF-1624-481C-B251-D4C327F16760}.AppStore|iPhoneSimulator.ActiveCfg = Release|Any CPU
		{F7812CFF-1624-481C-B251-D4C327F16760}.AppStore|iPhoneSimulator.Build.0 = Release|Any CPU
		{F7812CFF-1624-481C-B251-D4C327F16760}.AppStore|iPhoneSimulator.Deploy.0 = Release|Any CPU
		{F7812CFF-1624-481C-B251-D4C327F16760}.AppStore|x64.ActiveCfg = Release|Any CPU
		{F7812CFF-1624-481C-B251-D4C327F16760}.AppStore|x64.Build.0 = Release|Any CPU
		{F7812CFF-1624-481C-B251-D4C327F16760}.AppStore|x64.Deploy.0 = Release|Any CPU
		{F7812CFF-1624-481C-B251-D4C327F16760}.AppStore|x86.ActiveCfg = Release|Any CPU
		{F7812CFF-1624-481C-B251-D4C327F16760}.AppStore|x86.Build.0 = Release|Any CPU
		{F7812CFF-1624-481C-B251-D4C327F16760}.AppStore|x86.Deploy.0 = Release|Any CPU
		{F7812CFF-1624-481C-B251-D4C327F16760}.Debug|Any CPU.ActiveCfg = Debug|Any CPU
		{F7812CFF-1624-481C-B251-D4C327F16760}.Debug|Any CPU.Build.0 = Debug|Any CPU
		{F7812CFF-1624-481C-B251-D4C327F16760}.Debug|Any CPU.Deploy.0 = Debug|Any CPU
		{F7812CFF-1624-481C-B251-D4C327F16760}.Debug|ARM.ActiveCfg = Debug|Any CPU
		{F7812CFF-1624-481C-B251-D4C327F16760}.Debug|ARM.Build.0 = Debug|Any CPU
		{F7812CFF-1624-481C-B251-D4C327F16760}.Debug|ARM.Deploy.0 = Debug|Any CPU
		{F7812CFF-1624-481C-B251-D4C327F16760}.Debug|iPhone.ActiveCfg = Debug|Any CPU
		{F7812CFF-1624-481C-B251-D4C327F16760}.Debug|iPhone.Build.0 = Debug|Any CPU
		{F7812CFF-1624-481C-B251-D4C327F16760}.Debug|iPhone.Deploy.0 = Debug|Any CPU
		{F7812CFF-1624-481C-B251-D4C327F16760}.Debug|iPhoneSimulator.ActiveCfg = Debug|Any CPU
		{F7812CFF-1624-481C-B251-D4C327F16760}.Debug|iPhoneSimulator.Build.0 = Debug|Any CPU
		{F7812CFF-1624-481C-B251-D4C327F16760}.Debug|iPhoneSimulator.Deploy.0 = Debug|Any CPU
		{F7812CFF-1624-481C-B251-D4C327F16760}.Debug|x64.ActiveCfg = Debug|Any CPU
		{F7812CFF-1624-481C-B251-D4C327F16760}.Debug|x64.Build.0 = Debug|Any CPU
		{F7812CFF-1624-481C-B251-D4C327F16760}.Debug|x64.Deploy.0 = Debug|Any CPU
		{F7812CFF-1624-481C-B251-D4C327F16760}.Debug|x86.ActiveCfg = Debug|Any CPU
		{F7812CFF-1624-481C-B251-D4C327F16760}.Debug|x86.Build.0 = Debug|Any CPU
		{F7812CFF-1624-481C-B251-D4C327F16760}.Debug|x86.Deploy.0 = Debug|Any CPU
		{F7812CFF-1624-481C-B251-D4C327F16760}.Release|Any CPU.ActiveCfg = Release|Any CPU
		{F7812CFF-1624-481C-B251-D4C327F16760}.Release|Any CPU.Build.0 = Release|Any CPU
		{F7812CFF-1624-481C-B251-D4C327F16760}.Release|Any CPU.Deploy.0 = Release|Any CPU
		{F7812CFF-1624-481C-B251-D4C327F16760}.Release|ARM.ActiveCfg = Release|Any CPU
		{F7812CFF-1624-481C-B251-D4C327F16760}.Release|ARM.Build.0 = Release|Any CPU
		{F7812CFF-1624-481C-B251-D4C327F16760}.Release|ARM.Deploy.0 = Release|Any CPU
		{F7812CFF-1624-481C-B251-D4C327F16760}.Release|iPhone.ActiveCfg = Release|Any CPU
		{F7812CFF-1624-481C-B251-D4C327F16760}.Release|iPhone.Build.0 = Release|Any CPU
		{F7812CFF-1624-481C-B251-D4C327F16760}.Release|iPhone.Deploy.0 = Release|Any CPU
		{F7812CFF-1624-481C-B251-D4C327F16760}.Release|iPhoneSimulator.ActiveCfg = Release|Any CPU
		{F7812CFF-1624-481C-B251-D4C327F16760}.Release|iPhoneSimulator.Build.0 = Release|Any CPU
		{F7812CFF-1624-481C-B251-D4C327F16760}.Release|iPhoneSimulator.Deploy.0 = Release|Any CPU
		{F7812CFF-1624-481C-B251-D4C327F16760}.Release|x64.ActiveCfg = Release|Any CPU
		{F7812CFF-1624-481C-B251-D4C327F16760}.Release|x64.Build.0 = Release|Any CPU
		{F7812CFF-1624-481C-B251-D4C327F16760}.Release|x64.Deploy.0 = Release|Any CPU
		{F7812CFF-1624-481C-B251-D4C327F16760}.Release|x86.ActiveCfg = Release|Any CPU
		{F7812CFF-1624-481C-B251-D4C327F16760}.Release|x86.Build.0 = Release|Any CPU
		{F7812CFF-1624-481C-B251-D4C327F16760}.Release|x86.Deploy.0 = Release|Any CPU
		{FB28F70B-AAF6-4C65-B0E2-557C95377CF6}.Ad-Hoc|Any CPU.ActiveCfg = Ad-Hoc|iPhone
		{FB28F70B-AAF6-4C65-B0E2-557C95377CF6}.Ad-Hoc|Any CPU.Build.0 = Ad-Hoc|iPhone
		{FB28F70B-AAF6-4C65-B0E2-557C95377CF6}.Ad-Hoc|Any CPU.Deploy.0 = Ad-Hoc|iPhone
		{FB28F70B-AAF6-4C65-B0E2-557C95377CF6}.Ad-Hoc|ARM.ActiveCfg = Ad-Hoc|iPhone
		{FB28F70B-AAF6-4C65-B0E2-557C95377CF6}.Ad-Hoc|ARM.Build.0 = Ad-Hoc|iPhone
		{FB28F70B-AAF6-4C65-B0E2-557C95377CF6}.Ad-Hoc|ARM.Deploy.0 = Ad-Hoc|iPhone
		{FB28F70B-AAF6-4C65-B0E2-557C95377CF6}.Ad-Hoc|iPhone.ActiveCfg = Ad-Hoc|iPhone
		{FB28F70B-AAF6-4C65-B0E2-557C95377CF6}.Ad-Hoc|iPhone.Build.0 = Ad-Hoc|iPhone
		{FB28F70B-AAF6-4C65-B0E2-557C95377CF6}.Ad-Hoc|iPhone.Deploy.0 = Ad-Hoc|iPhone
		{FB28F70B-AAF6-4C65-B0E2-557C95377CF6}.Ad-Hoc|iPhoneSimulator.ActiveCfg = Ad-Hoc|iPhoneSimulator
		{FB28F70B-AAF6-4C65-B0E2-557C95377CF6}.Ad-Hoc|iPhoneSimulator.Build.0 = Ad-Hoc|iPhoneSimulator
		{FB28F70B-AAF6-4C65-B0E2-557C95377CF6}.Ad-Hoc|iPhoneSimulator.Deploy.0 = Ad-Hoc|iPhoneSimulator
		{FB28F70B-AAF6-4C65-B0E2-557C95377CF6}.Ad-Hoc|x64.ActiveCfg = Ad-Hoc|iPhone
		{FB28F70B-AAF6-4C65-B0E2-557C95377CF6}.Ad-Hoc|x64.Build.0 = Ad-Hoc|iPhone
		{FB28F70B-AAF6-4C65-B0E2-557C95377CF6}.Ad-Hoc|x64.Deploy.0 = Ad-Hoc|iPhone
		{FB28F70B-AAF6-4C65-B0E2-557C95377CF6}.Ad-Hoc|x86.ActiveCfg = Ad-Hoc|iPhone
		{FB28F70B-AAF6-4C65-B0E2-557C95377CF6}.Ad-Hoc|x86.Build.0 = Ad-Hoc|iPhone
		{FB28F70B-AAF6-4C65-B0E2-557C95377CF6}.Ad-Hoc|x86.Deploy.0 = Ad-Hoc|iPhone
		{FB28F70B-AAF6-4C65-B0E2-557C95377CF6}.AppStore|Any CPU.ActiveCfg = AppStore|iPhone
		{FB28F70B-AAF6-4C65-B0E2-557C95377CF6}.AppStore|Any CPU.Build.0 = AppStore|iPhone
		{FB28F70B-AAF6-4C65-B0E2-557C95377CF6}.AppStore|Any CPU.Deploy.0 = AppStore|iPhone
		{FB28F70B-AAF6-4C65-B0E2-557C95377CF6}.AppStore|ARM.ActiveCfg = AppStore|iPhone
		{FB28F70B-AAF6-4C65-B0E2-557C95377CF6}.AppStore|ARM.Build.0 = AppStore|iPhone
		{FB28F70B-AAF6-4C65-B0E2-557C95377CF6}.AppStore|ARM.Deploy.0 = AppStore|iPhone
		{FB28F70B-AAF6-4C65-B0E2-557C95377CF6}.AppStore|iPhone.ActiveCfg = AppStore|iPhone
		{FB28F70B-AAF6-4C65-B0E2-557C95377CF6}.AppStore|iPhone.Build.0 = AppStore|iPhone
		{FB28F70B-AAF6-4C65-B0E2-557C95377CF6}.AppStore|iPhone.Deploy.0 = AppStore|iPhone
		{FB28F70B-AAF6-4C65-B0E2-557C95377CF6}.AppStore|iPhoneSimulator.ActiveCfg = AppStore|iPhoneSimulator
		{FB28F70B-AAF6-4C65-B0E2-557C95377CF6}.AppStore|iPhoneSimulator.Build.0 = AppStore|iPhoneSimulator
		{FB28F70B-AAF6-4C65-B0E2-557C95377CF6}.AppStore|iPhoneSimulator.Deploy.0 = AppStore|iPhoneSimulator
		{FB28F70B-AAF6-4C65-B0E2-557C95377CF6}.AppStore|x64.ActiveCfg = AppStore|iPhone
		{FB28F70B-AAF6-4C65-B0E2-557C95377CF6}.AppStore|x64.Build.0 = AppStore|iPhone
		{FB28F70B-AAF6-4C65-B0E2-557C95377CF6}.AppStore|x64.Deploy.0 = AppStore|iPhone
		{FB28F70B-AAF6-4C65-B0E2-557C95377CF6}.AppStore|x86.ActiveCfg = AppStore|iPhone
		{FB28F70B-AAF6-4C65-B0E2-557C95377CF6}.AppStore|x86.Build.0 = AppStore|iPhone
		{FB28F70B-AAF6-4C65-B0E2-557C95377CF6}.AppStore|x86.Deploy.0 = AppStore|iPhone
		{FB28F70B-AAF6-4C65-B0E2-557C95377CF6}.Debug|Any CPU.ActiveCfg = Debug|iPhoneSimulator
		{FB28F70B-AAF6-4C65-B0E2-557C95377CF6}.Debug|Any CPU.Build.0 = Debug|iPhoneSimulator
		{FB28F70B-AAF6-4C65-B0E2-557C95377CF6}.Debug|Any CPU.Deploy.0 = Debug|iPhoneSimulator
		{FB28F70B-AAF6-4C65-B0E2-557C95377CF6}.Debug|ARM.ActiveCfg = Debug|iPhone
		{FB28F70B-AAF6-4C65-B0E2-557C95377CF6}.Debug|ARM.Build.0 = Debug|iPhone
		{FB28F70B-AAF6-4C65-B0E2-557C95377CF6}.Debug|ARM.Deploy.0 = Debug|iPhone
		{FB28F70B-AAF6-4C65-B0E2-557C95377CF6}.Debug|iPhone.ActiveCfg = Debug|iPhone
		{FB28F70B-AAF6-4C65-B0E2-557C95377CF6}.Debug|iPhone.Build.0 = Debug|iPhone
		{FB28F70B-AAF6-4C65-B0E2-557C95377CF6}.Debug|iPhone.Deploy.0 = Debug|iPhone
		{FB28F70B-AAF6-4C65-B0E2-557C95377CF6}.Debug|iPhoneSimulator.ActiveCfg = Debug|iPhoneSimulator
		{FB28F70B-AAF6-4C65-B0E2-557C95377CF6}.Debug|iPhoneSimulator.Build.0 = Debug|iPhoneSimulator
		{FB28F70B-AAF6-4C65-B0E2-557C95377CF6}.Debug|iPhoneSimulator.Deploy.0 = Debug|iPhoneSimulator
		{FB28F70B-AAF6-4C65-B0E2-557C95377CF6}.Debug|x64.ActiveCfg = Debug|iPhone
		{FB28F70B-AAF6-4C65-B0E2-557C95377CF6}.Debug|x64.Build.0 = Debug|iPhone
		{FB28F70B-AAF6-4C65-B0E2-557C95377CF6}.Debug|x64.Deploy.0 = Debug|iPhone
		{FB28F70B-AAF6-4C65-B0E2-557C95377CF6}.Debug|x86.ActiveCfg = Debug|iPhone
		{FB28F70B-AAF6-4C65-B0E2-557C95377CF6}.Debug|x86.Build.0 = Debug|iPhone
		{FB28F70B-AAF6-4C65-B0E2-557C95377CF6}.Debug|x86.Deploy.0 = Debug|iPhone
		{FB28F70B-AAF6-4C65-B0E2-557C95377CF6}.Release|Any CPU.ActiveCfg = Release|iPhone
		{FB28F70B-AAF6-4C65-B0E2-557C95377CF6}.Release|Any CPU.Build.0 = Release|iPhone
		{FB28F70B-AAF6-4C65-B0E2-557C95377CF6}.Release|Any CPU.Deploy.0 = Release|iPhone
		{FB28F70B-AAF6-4C65-B0E2-557C95377CF6}.Release|ARM.ActiveCfg = Release|iPhone
		{FB28F70B-AAF6-4C65-B0E2-557C95377CF6}.Release|ARM.Build.0 = Release|iPhone
		{FB28F70B-AAF6-4C65-B0E2-557C95377CF6}.Release|ARM.Deploy.0 = Release|iPhone
		{FB28F70B-AAF6-4C65-B0E2-557C95377CF6}.Release|iPhone.ActiveCfg = Release|iPhone
		{FB28F70B-AAF6-4C65-B0E2-557C95377CF6}.Release|iPhone.Build.0 = Release|iPhone
		{FB28F70B-AAF6-4C65-B0E2-557C95377CF6}.Release|iPhone.Deploy.0 = Release|iPhone
		{FB28F70B-AAF6-4C65-B0E2-557C95377CF6}.Release|iPhoneSimulator.ActiveCfg = Release|iPhoneSimulator
		{FB28F70B-AAF6-4C65-B0E2-557C95377CF6}.Release|iPhoneSimulator.Build.0 = Release|iPhoneSimulator
		{FB28F70B-AAF6-4C65-B0E2-557C95377CF6}.Release|iPhoneSimulator.Deploy.0 = Release|iPhoneSimulator
		{FB28F70B-AAF6-4C65-B0E2-557C95377CF6}.Release|x64.ActiveCfg = Release|iPhone
		{FB28F70B-AAF6-4C65-B0E2-557C95377CF6}.Release|x64.Build.0 = Release|iPhone
		{FB28F70B-AAF6-4C65-B0E2-557C95377CF6}.Release|x64.Deploy.0 = Release|iPhone
		{FB28F70B-AAF6-4C65-B0E2-557C95377CF6}.Release|x86.ActiveCfg = Release|iPhone
		{FB28F70B-AAF6-4C65-B0E2-557C95377CF6}.Release|x86.Build.0 = Release|iPhone
		{FB28F70B-AAF6-4C65-B0E2-557C95377CF6}.Release|x86.Deploy.0 = Release|iPhone
		{7376D331-31D4-42CB-9DA2-5EB76768B166}.Ad-Hoc|Any CPU.ActiveCfg = Release|x86
		{7376D331-31D4-42CB-9DA2-5EB76768B166}.Ad-Hoc|Any CPU.Build.0 = Release|x86
		{7376D331-31D4-42CB-9DA2-5EB76768B166}.Ad-Hoc|Any CPU.Deploy.0 = Release|x86
		{7376D331-31D4-42CB-9DA2-5EB76768B166}.Ad-Hoc|ARM.ActiveCfg = Release|ARM
		{7376D331-31D4-42CB-9DA2-5EB76768B166}.Ad-Hoc|ARM.Build.0 = Release|ARM
		{7376D331-31D4-42CB-9DA2-5EB76768B166}.Ad-Hoc|ARM.Deploy.0 = Release|ARM
		{7376D331-31D4-42CB-9DA2-5EB76768B166}.Ad-Hoc|iPhone.ActiveCfg = Release|x86
		{7376D331-31D4-42CB-9DA2-5EB76768B166}.Ad-Hoc|iPhone.Build.0 = Release|x86
		{7376D331-31D4-42CB-9DA2-5EB76768B166}.Ad-Hoc|iPhone.Deploy.0 = Release|x86
		{7376D331-31D4-42CB-9DA2-5EB76768B166}.Ad-Hoc|iPhoneSimulator.ActiveCfg = Release|x86
		{7376D331-31D4-42CB-9DA2-5EB76768B166}.Ad-Hoc|iPhoneSimulator.Build.0 = Release|x86
		{7376D331-31D4-42CB-9DA2-5EB76768B166}.Ad-Hoc|iPhoneSimulator.Deploy.0 = Release|x86
		{7376D331-31D4-42CB-9DA2-5EB76768B166}.Ad-Hoc|x64.ActiveCfg = Release|x64
		{7376D331-31D4-42CB-9DA2-5EB76768B166}.Ad-Hoc|x64.Build.0 = Release|x64
		{7376D331-31D4-42CB-9DA2-5EB76768B166}.Ad-Hoc|x64.Deploy.0 = Release|x64
		{7376D331-31D4-42CB-9DA2-5EB76768B166}.Ad-Hoc|x86.ActiveCfg = Release|x86
		{7376D331-31D4-42CB-9DA2-5EB76768B166}.Ad-Hoc|x86.Build.0 = Release|x86
		{7376D331-31D4-42CB-9DA2-5EB76768B166}.Ad-Hoc|x86.Deploy.0 = Release|x86
		{7376D331-31D4-42CB-9DA2-5EB76768B166}.AppStore|Any CPU.ActiveCfg = Release|x86
		{7376D331-31D4-42CB-9DA2-5EB76768B166}.AppStore|Any CPU.Build.0 = Release|x86
		{7376D331-31D4-42CB-9DA2-5EB76768B166}.AppStore|Any CPU.Deploy.0 = Release|x86
		{7376D331-31D4-42CB-9DA2-5EB76768B166}.AppStore|ARM.ActiveCfg = Release|ARM
		{7376D331-31D4-42CB-9DA2-5EB76768B166}.AppStore|ARM.Build.0 = Release|ARM
		{7376D331-31D4-42CB-9DA2-5EB76768B166}.AppStore|ARM.Deploy.0 = Release|ARM
		{7376D331-31D4-42CB-9DA2-5EB76768B166}.AppStore|iPhone.ActiveCfg = Release|x86
		{7376D331-31D4-42CB-9DA2-5EB76768B166}.AppStore|iPhone.Build.0 = Release|x86
		{7376D331-31D4-42CB-9DA2-5EB76768B166}.AppStore|iPhone.Deploy.0 = Release|x86
		{7376D331-31D4-42CB-9DA2-5EB76768B166}.AppStore|iPhoneSimulator.ActiveCfg = Release|x86
		{7376D331-31D4-42CB-9DA2-5EB76768B166}.AppStore|iPhoneSimulator.Build.0 = Release|x86
		{7376D331-31D4-42CB-9DA2-5EB76768B166}.AppStore|iPhoneSimulator.Deploy.0 = Release|x86
		{7376D331-31D4-42CB-9DA2-5EB76768B166}.AppStore|x64.ActiveCfg = Release|x64
		{7376D331-31D4-42CB-9DA2-5EB76768B166}.AppStore|x64.Build.0 = Release|x64
		{7376D331-31D4-42CB-9DA2-5EB76768B166}.AppStore|x64.Deploy.0 = Release|x64
		{7376D331-31D4-42CB-9DA2-5EB76768B166}.AppStore|x86.ActiveCfg = Release|x86
		{7376D331-31D4-42CB-9DA2-5EB76768B166}.AppStore|x86.Build.0 = Release|x86
		{7376D331-31D4-42CB-9DA2-5EB76768B166}.AppStore|x86.Deploy.0 = Release|x86
		{7376D331-31D4-42CB-9DA2-5EB76768B166}.Debug|Any CPU.ActiveCfg = Debug|x86
		{7376D331-31D4-42CB-9DA2-5EB76768B166}.Debug|Any CPU.Build.0 = Debug|x86
		{7376D331-31D4-42CB-9DA2-5EB76768B166}.Debug|Any CPU.Deploy.0 = Debug|x86
		{7376D331-31D4-42CB-9DA2-5EB76768B166}.Debug|ARM.ActiveCfg = Debug|ARM
		{7376D331-31D4-42CB-9DA2-5EB76768B166}.Debug|ARM.Build.0 = Debug|ARM
		{7376D331-31D4-42CB-9DA2-5EB76768B166}.Debug|ARM.Deploy.0 = Debug|ARM
		{7376D331-31D4-42CB-9DA2-5EB76768B166}.Debug|iPhone.ActiveCfg = Debug|x86
		{7376D331-31D4-42CB-9DA2-5EB76768B166}.Debug|iPhone.Build.0 = Debug|x86
		{7376D331-31D4-42CB-9DA2-5EB76768B166}.Debug|iPhone.Deploy.0 = Debug|x86
		{7376D331-31D4-42CB-9DA2-5EB76768B166}.Debug|iPhoneSimulator.ActiveCfg = Debug|x86
		{7376D331-31D4-42CB-9DA2-5EB76768B166}.Debug|iPhoneSimulator.Build.0 = Debug|x86
		{7376D331-31D4-42CB-9DA2-5EB76768B166}.Debug|iPhoneSimulator.Deploy.0 = Debug|x86
		{7376D331-31D4-42CB-9DA2-5EB76768B166}.Debug|x64.ActiveCfg = Debug|x64
		{7376D331-31D4-42CB-9DA2-5EB76768B166}.Debug|x64.Build.0 = Debug|x64
		{7376D331-31D4-42CB-9DA2-5EB76768B166}.Debug|x64.Deploy.0 = Debug|x64
		{7376D331-31D4-42CB-9DA2-5EB76768B166}.Debug|x86.ActiveCfg = Debug|x86
		{7376D331-31D4-42CB-9DA2-5EB76768B166}.Debug|x86.Build.0 = Debug|x86
		{7376D331-31D4-42CB-9DA2-5EB76768B166}.Debug|x86.Deploy.0 = Debug|x86
		{7376D331-31D4-42CB-9DA2-5EB76768B166}.Release|Any CPU.ActiveCfg = Release|x86
		{7376D331-31D4-42CB-9DA2-5EB76768B166}.Release|Any CPU.Build.0 = Release|x86
		{7376D331-31D4-42CB-9DA2-5EB76768B166}.Release|Any CPU.Deploy.0 = Release|x86
		{7376D331-31D4-42CB-9DA2-5EB76768B166}.Release|ARM.ActiveCfg = Release|ARM
		{7376D331-31D4-42CB-9DA2-5EB76768B166}.Release|ARM.Build.0 = Release|ARM
		{7376D331-31D4-42CB-9DA2-5EB76768B166}.Release|ARM.Deploy.0 = Release|ARM
		{7376D331-31D4-42CB-9DA2-5EB76768B166}.Release|iPhone.ActiveCfg = Release|x86
		{7376D331-31D4-42CB-9DA2-5EB76768B166}.Release|iPhone.Build.0 = Release|x86
		{7376D331-31D4-42CB-9DA2-5EB76768B166}.Release|iPhone.Deploy.0 = Release|x86
		{7376D331-31D4-42CB-9DA2-5EB76768B166}.Release|iPhoneSimulator.ActiveCfg = Release|x86
		{7376D331-31D4-42CB-9DA2-5EB76768B166}.Release|iPhoneSimulator.Build.0 = Release|x86
		{7376D331-31D4-42CB-9DA2-5EB76768B166}.Release|iPhoneSimulator.Deploy.0 = Release|x86
		{7376D331-31D4-42CB-9DA2-5EB76768B166}.Release|x64.ActiveCfg = Release|x64
		{7376D331-31D4-42CB-9DA2-5EB76768B166}.Release|x64.Build.0 = Release|x64
		{7376D331-31D4-42CB-9DA2-5EB76768B166}.Release|x64.Deploy.0 = Release|x64
		{7376D331-31D4-42CB-9DA2-5EB76768B166}.Release|x86.ActiveCfg = Release|x86
		{7376D331-31D4-42CB-9DA2-5EB76768B166}.Release|x86.Build.0 = Release|x86
		{7376D331-31D4-42CB-9DA2-5EB76768B166}.Release|x86.Deploy.0 = Release|x86
		{01A0A115-D77A-4109-A18B-DD4A57BC99A7}.Ad-Hoc|Any CPU.ActiveCfg = Debug|Any CPU
		{01A0A115-D77A-4109-A18B-DD4A57BC99A7}.Ad-Hoc|Any CPU.Build.0 = Debug|Any CPU
		{01A0A115-D77A-4109-A18B-DD4A57BC99A7}.Ad-Hoc|Any CPU.Deploy.0 = Debug|Any CPU
		{01A0A115-D77A-4109-A18B-DD4A57BC99A7}.Ad-Hoc|ARM.ActiveCfg = Debug|Any CPU
		{01A0A115-D77A-4109-A18B-DD4A57BC99A7}.Ad-Hoc|ARM.Build.0 = Debug|Any CPU
		{01A0A115-D77A-4109-A18B-DD4A57BC99A7}.Ad-Hoc|ARM.Deploy.0 = Debug|Any CPU
		{01A0A115-D77A-4109-A18B-DD4A57BC99A7}.Ad-Hoc|iPhone.ActiveCfg = Debug|Any CPU
		{01A0A115-D77A-4109-A18B-DD4A57BC99A7}.Ad-Hoc|iPhone.Build.0 = Debug|Any CPU
		{01A0A115-D77A-4109-A18B-DD4A57BC99A7}.Ad-Hoc|iPhone.Deploy.0 = Debug|Any CPU
		{01A0A115-D77A-4109-A18B-DD4A57BC99A7}.Ad-Hoc|iPhoneSimulator.ActiveCfg = Debug|Any CPU
		{01A0A115-D77A-4109-A18B-DD4A57BC99A7}.Ad-Hoc|iPhoneSimulator.Build.0 = Debug|Any CPU
		{01A0A115-D77A-4109-A18B-DD4A57BC99A7}.Ad-Hoc|iPhoneSimulator.Deploy.0 = Debug|Any CPU
		{01A0A115-D77A-4109-A18B-DD4A57BC99A7}.Ad-Hoc|x64.ActiveCfg = Debug|Any CPU
		{01A0A115-D77A-4109-A18B-DD4A57BC99A7}.Ad-Hoc|x64.Build.0 = Debug|Any CPU
		{01A0A115-D77A-4109-A18B-DD4A57BC99A7}.Ad-Hoc|x64.Deploy.0 = Debug|Any CPU
		{01A0A115-D77A-4109-A18B-DD4A57BC99A7}.Ad-Hoc|x86.ActiveCfg = Debug|Any CPU
		{01A0A115-D77A-4109-A18B-DD4A57BC99A7}.Ad-Hoc|x86.Build.0 = Debug|Any CPU
		{01A0A115-D77A-4109-A18B-DD4A57BC99A7}.Ad-Hoc|x86.Deploy.0 = Debug|Any CPU
		{01A0A115-D77A-4109-A18B-DD4A57BC99A7}.AppStore|Any CPU.ActiveCfg = Debug|Any CPU
		{01A0A115-D77A-4109-A18B-DD4A57BC99A7}.AppStore|Any CPU.Build.0 = Debug|Any CPU
		{01A0A115-D77A-4109-A18B-DD4A57BC99A7}.AppStore|Any CPU.Deploy.0 = Debug|Any CPU
		{01A0A115-D77A-4109-A18B-DD4A57BC99A7}.AppStore|ARM.ActiveCfg = Debug|Any CPU
		{01A0A115-D77A-4109-A18B-DD4A57BC99A7}.AppStore|ARM.Build.0 = Debug|Any CPU
		{01A0A115-D77A-4109-A18B-DD4A57BC99A7}.AppStore|ARM.Deploy.0 = Debug|Any CPU
		{01A0A115-D77A-4109-A18B-DD4A57BC99A7}.AppStore|iPhone.ActiveCfg = Debug|Any CPU
		{01A0A115-D77A-4109-A18B-DD4A57BC99A7}.AppStore|iPhone.Build.0 = Debug|Any CPU
		{01A0A115-D77A-4109-A18B-DD4A57BC99A7}.AppStore|iPhone.Deploy.0 = Debug|Any CPU
		{01A0A115-D77A-4109-A18B-DD4A57BC99A7}.AppStore|iPhoneSimulator.ActiveCfg = Debug|Any CPU
		{01A0A115-D77A-4109-A18B-DD4A57BC99A7}.AppStore|iPhoneSimulator.Build.0 = Debug|Any CPU
		{01A0A115-D77A-4109-A18B-DD4A57BC99A7}.AppStore|iPhoneSimulator.Deploy.0 = Debug|Any CPU
		{01A0A115-D77A-4109-A18B-DD4A57BC99A7}.AppStore|x64.ActiveCfg = Debug|Any CPU
		{01A0A115-D77A-4109-A18B-DD4A57BC99A7}.AppStore|x64.Build.0 = Debug|Any CPU
		{01A0A115-D77A-4109-A18B-DD4A57BC99A7}.AppStore|x64.Deploy.0 = Debug|Any CPU
		{01A0A115-D77A-4109-A18B-DD4A57BC99A7}.AppStore|x86.ActiveCfg = Debug|Any CPU
		{01A0A115-D77A-4109-A18B-DD4A57BC99A7}.AppStore|x86.Build.0 = Debug|Any CPU
		{01A0A115-D77A-4109-A18B-DD4A57BC99A7}.AppStore|x86.Deploy.0 = Debug|Any CPU
		{01A0A115-D77A-4109-A18B-DD4A57BC99A7}.Debug|Any CPU.ActiveCfg = Debug|Any CPU
		{01A0A115-D77A-4109-A18B-DD4A57BC99A7}.Debug|Any CPU.Build.0 = Debug|Any CPU
		{01A0A115-D77A-4109-A18B-DD4A57BC99A7}.Debug|Any CPU.Deploy.0 = Debug|Any CPU
		{01A0A115-D77A-4109-A18B-DD4A57BC99A7}.Debug|ARM.ActiveCfg = Debug|Any CPU
		{01A0A115-D77A-4109-A18B-DD4A57BC99A7}.Debug|ARM.Build.0 = Debug|Any CPU
		{01A0A115-D77A-4109-A18B-DD4A57BC99A7}.Debug|ARM.Deploy.0 = Debug|Any CPU
		{01A0A115-D77A-4109-A18B-DD4A57BC99A7}.Debug|iPhone.ActiveCfg = Debug|Any CPU
		{01A0A115-D77A-4109-A18B-DD4A57BC99A7}.Debug|iPhone.Build.0 = Debug|Any CPU
		{01A0A115-D77A-4109-A18B-DD4A57BC99A7}.Debug|iPhone.Deploy.0 = Debug|Any CPU
		{01A0A115-D77A-4109-A18B-DD4A57BC99A7}.Debug|iPhoneSimulator.ActiveCfg = Debug|Any CPU
		{01A0A115-D77A-4109-A18B-DD4A57BC99A7}.Debug|iPhoneSimulator.Build.0 = Debug|Any CPU
		{01A0A115-D77A-4109-A18B-DD4A57BC99A7}.Debug|iPhoneSimulator.Deploy.0 = Debug|Any CPU
		{01A0A115-D77A-4109-A18B-DD4A57BC99A7}.Debug|x64.ActiveCfg = Debug|Any CPU
		{01A0A115-D77A-4109-A18B-DD4A57BC99A7}.Debug|x64.Build.0 = Debug|Any CPU
		{01A0A115-D77A-4109-A18B-DD4A57BC99A7}.Debug|x64.Deploy.0 = Debug|Any CPU
		{01A0A115-D77A-4109-A18B-DD4A57BC99A7}.Debug|x86.ActiveCfg = Debug|Any CPU
		{01A0A115-D77A-4109-A18B-DD4A57BC99A7}.Debug|x86.Build.0 = Debug|Any CPU
		{01A0A115-D77A-4109-A18B-DD4A57BC99A7}.Debug|x86.Deploy.0 = Debug|Any CPU
		{01A0A115-D77A-4109-A18B-DD4A57BC99A7}.Release|Any CPU.ActiveCfg = Release|Any CPU
		{01A0A115-D77A-4109-A18B-DD4A57BC99A7}.Release|Any CPU.Build.0 = Release|Any CPU
		{01A0A115-D77A-4109-A18B-DD4A57BC99A7}.Release|Any CPU.Deploy.0 = Release|Any CPU
		{01A0A115-D77A-4109-A18B-DD4A57BC99A7}.Release|ARM.ActiveCfg = Release|Any CPU
		{01A0A115-D77A-4109-A18B-DD4A57BC99A7}.Release|ARM.Build.0 = Release|Any CPU
		{01A0A115-D77A-4109-A18B-DD4A57BC99A7}.Release|ARM.Deploy.0 = Release|Any CPU
		{01A0A115-D77A-4109-A18B-DD4A57BC99A7}.Release|iPhone.ActiveCfg = Release|Any CPU
		{01A0A115-D77A-4109-A18B-DD4A57BC99A7}.Release|iPhone.Build.0 = Release|Any CPU
		{01A0A115-D77A-4109-A18B-DD4A57BC99A7}.Release|iPhone.Deploy.0 = Release|Any CPU
		{01A0A115-D77A-4109-A18B-DD4A57BC99A7}.Release|iPhoneSimulator.ActiveCfg = Release|Any CPU
		{01A0A115-D77A-4109-A18B-DD4A57BC99A7}.Release|iPhoneSimulator.Build.0 = Release|Any CPU
		{01A0A115-D77A-4109-A18B-DD4A57BC99A7}.Release|iPhoneSimulator.Deploy.0 = Release|Any CPU
		{01A0A115-D77A-4109-A18B-DD4A57BC99A7}.Release|x64.ActiveCfg = Release|Any CPU
		{01A0A115-D77A-4109-A18B-DD4A57BC99A7}.Release|x64.Build.0 = Release|Any CPU
		{01A0A115-D77A-4109-A18B-DD4A57BC99A7}.Release|x64.Deploy.0 = Release|Any CPU
		{01A0A115-D77A-4109-A18B-DD4A57BC99A7}.Release|x86.ActiveCfg = Release|Any CPU
		{01A0A115-D77A-4109-A18B-DD4A57BC99A7}.Release|x86.Build.0 = Release|Any CPU
		{01A0A115-D77A-4109-A18B-DD4A57BC99A7}.Release|x86.Deploy.0 = Release|Any CPU
	EndGlobalSection
	GlobalSection(SolutionProperties) = preSolution
		HideSolutionNode = FALSE
	EndGlobalSection
	GlobalSection(ExtensibilityGlobals) = postSolution
		SolutionGuid = {5FFB3C7E-08ED-4450-A5EF-54B8DA18BF64}
	EndGlobalSection
EndGlobal
